{
  "name": "vue3_cli_default",
  "version": "0.0.0",
  "lockfileVersion": 1,
  "requires": true,
  "dependencies": {
    "@babel/helper-validator-identifier": {
      "version": "7.14.9",
      "resolved": "https://registry.npmjs.org/@babel/helper-validator-identifier/-/helper-validator-identifier-7.14.9.tgz",
      "integrity": "sha512-pQYxPY0UP6IHISRitNe8bsijHex4TWZXi2HwKVsjPiltzlhse2znVcm9Ace510VT1kxIHjGJCZZQBX2gJDbo0g=="
    },
    "@babel/parser": {
      "version": "7.15.4",
      "resolved": "https://registry.npmjs.org/@babel/parser/-/parser-7.15.4.tgz",
      "integrity": "sha512-xmzz+7fRpjrvDUj+GV7zfz/R3gSK2cOxGlazaXooxspCr539cbTXJKvBJzSVI2pPhcRGquoOtaIkKCsHQUiO3w=="
    },
    "@babel/types": {
      "version": "7.15.4",
      "resolved": "https://registry.npmjs.org/@babel/types/-/types-7.15.4.tgz",
      "integrity": "sha512-0f1HJFuGmmbrKTCZtbm3cU+b/AqdEYk5toj5iQur58xkVMlS0JWaKxTBSmCXd47uiN7vbcozAupm6Mvs80GNhw==",
      "requires": {
        "@babel/helper-validator-identifier": "^7.14.9",
        "to-fast-properties": "^2.0.0"
      }
    },
    "@tensorflow/tfjs": {
      "version": "3.13.0",
      "resolved": "https://registry.npmmirror.com/@tensorflow/tfjs/-/tfjs-3.13.0.tgz",
      "integrity": "sha512-B5HvNH+6hHhQQkn+AG+u4j5sxZBMYdsq4IWXlBZzioJcVygtZhBWXkxp01boSwngjqUBgi8S2DopBE7McAUKqQ==",
      "requires": {
        "@tensorflow/tfjs-backend-cpu": "3.13.0",
        "@tensorflow/tfjs-backend-webgl": "3.13.0",
        "@tensorflow/tfjs-converter": "3.13.0",
        "@tensorflow/tfjs-core": "3.13.0",
        "@tensorflow/tfjs-data": "3.13.0",
        "@tensorflow/tfjs-layers": "3.13.0",
        "argparse": "^1.0.10",
        "chalk": "^4.1.0",
        "core-js": "3",
        "regenerator-runtime": "^0.13.5",
        "yargs": "^16.0.3"
      }
    },
    "@tensorflow/tfjs-backend-cpu": {
      "version": "3.13.0",
      "resolved": "https://registry.npmmirror.com/@tensorflow/tfjs-backend-cpu/-/tfjs-backend-cpu-3.13.0.tgz",
      "integrity": "sha512-POmzUoAP8HooYYTZ72O1ZYkpVZB0f+8PeAkbTxIG0oahcJccj6a0Vovp1A6xWKfljUoPlJb3jWVC++S603ZL8w==",
      "requires": {
        "@types/seedrandom": "2.4.27",
        "seedrandom": "2.4.3"
      }
    },
    "@tensorflow/tfjs-backend-webgl": {
      "version": "3.13.0",
      "resolved": "https://registry.npmmirror.com/@tensorflow/tfjs-backend-webgl/-/tfjs-backend-webgl-3.13.0.tgz",
      "integrity": "sha512-ZuJS11tCoZx2F1Eq7wqiqu8euJpPW/JV0qOKBehlRpV2qQrR+wHMpBT1hhDl4qU4LdgFTtSggKIRg/L8b0ScUQ==",
      "requires": {
        "@tensorflow/tfjs-backend-cpu": "3.13.0",
        "@types/offscreencanvas": "~2019.3.0",
        "@types/seedrandom": "2.4.27",
        "@types/webgl-ext": "0.0.30",
        "@types/webgl2": "0.0.6",
        "seedrandom": "2.4.3"
      }
    },
    "@tensorflow/tfjs-converter": {
      "version": "3.13.0",
      "resolved": "https://registry.npmmirror.com/@tensorflow/tfjs-converter/-/tfjs-converter-3.13.0.tgz",
      "integrity": "sha512-H2VpDTv9Ve0HBt7ttzz46DmnsPaiT0B+yJjVH3NebGZbgY9C8boBgJIsdyqfiqEWBS3WxF8h4rh58Hv5XXMgaQ=="
    },
    "@tensorflow/tfjs-core": {
      "version": "3.13.0",
      "resolved": "https://registry.npmmirror.com/@tensorflow/tfjs-core/-/tfjs-core-3.13.0.tgz",
      "integrity": "sha512-18qBEVIB/4u2OUK9nA5P1XT3e3LyarElD1UKNSNDpnMLxhLTUVZaCR71eHJcpl9wP2Q0cciaTJCTpJdPv1tNDQ==",
      "requires": {
        "@types/long": "^4.0.1",
        "@types/offscreencanvas": "~2019.3.0",
        "@types/seedrandom": "2.4.27",
        "@types/webgl-ext": "0.0.30",
        "long": "4.0.0",
        "node-fetch": "~2.6.1",
        "seedrandom": "2.4.3"
      }
    },
    "@tensorflow/tfjs-data": {
      "version": "3.13.0",
      "resolved": "https://registry.npmmirror.com/@tensorflow/tfjs-data/-/tfjs-data-3.13.0.tgz",
      "integrity": "sha512-n50+lxPK0CU72nlFt4dzMCCNV44CQsQU3sSP9zdR2bYHeoFqjjy1ISp+UV5N5DNLj7bsEMs73kGS1EuJ7YcdqQ==",
      "requires": {
        "@types/node-fetch": "^2.1.2",
        "node-fetch": "~2.6.1"
      }
    },
    "@tensorflow/tfjs-layers": {
      "version": "3.13.0",
      "resolved": "https://registry.npmmirror.com/@tensorflow/tfjs-layers/-/tfjs-layers-3.13.0.tgz",
      "integrity": "sha512-kTWJ/+9fbNCMDA9iQjDMYHmWivsiWz8CKNSOZdeCW7tiBwF1EiREBVQXMk1JI11ngQa8f+rYSLs7rkhp3SYl5Q=="
    },
    "@types/estree": {
      "version": "0.0.48",
      "resolved": "https://registry.npmjs.org/@types/estree/-/estree-0.0.48.tgz",
      "integrity": "sha512-LfZwXoGUDo0C3me81HXgkBg5CTQYb6xzEl+fNmbO4JdRiSKQ8A0GD1OBBvKAIsbCUgoyAty7m99GqqMQe784ew==",
      "dev": true
    },
    "@types/long": {
      "version": "4.0.1",
      "resolved": "https://registry.npmmirror.com/@types/long/-/long-4.0.1.tgz",
      "integrity": "sha512-5tXH6Bx/kNGd3MgffdmP4dy2Z+G4eaXw0SE81Tq3BNadtnMR5/ySMzX4SLEzHJzSmPNn4HIdpQsBvXMUykr58w=="
    },
    "@types/node": {
      "version": "17.0.21",
      "resolved": "https://registry.npmmirror.com/@types/node/-/node-17.0.21.tgz",
      "integrity": "sha512-DBZCJbhII3r90XbQxI8Y9IjjiiOGlZ0Hr32omXIZvwwZ7p4DMMXGrKXVyPfuoBOri9XNtL0UK69jYIBIsRX3QQ=="
    },
    "@types/node-fetch": {
      "version": "2.6.1",
      "resolved": "https://registry.npmmirror.com/@types/node-fetch/-/node-fetch-2.6.1.tgz",
      "integrity": "sha512-oMqjURCaxoSIsHSr1E47QHzbmzNR5rK8McHuNb11BOM9cHcIK3Avy0s/b2JlXHoQGTYS3NsvWzV1M0iK7l0wbA==",
      "requires": {
        "@types/node": "*",
        "form-data": "^3.0.0"
      }
    },
    "@types/offscreencanvas": {
      "version": "2019.3.0",
      "resolved": "https://registry.npmmirror.com/@types/offscreencanvas/-/offscreencanvas-2019.3.0.tgz",
      "integrity": "sha512-esIJx9bQg+QYF0ra8GnvfianIY8qWB0GBx54PK5Eps6m+xTj86KLavHv6qDhzKcu5UUOgNfJ2pWaIIV7TRUd9Q=="
    },
    "@types/seedrandom": {
      "version": "2.4.27",
      "resolved": "https://registry.npmmirror.com/@types/seedrandom/-/seedrandom-2.4.27.tgz",
      "integrity": "sha512-YvMLqFak/7rt//lPBtEHv3M4sRNA+HGxrhFZ+DQs9K2IkYJbNwVIb8avtJfhDiuaUBX/AW0jnjv48FV8h3u9bQ=="
    },
    "@types/webgl-ext": {
      "version": "0.0.30",
      "resolved": "https://registry.npmmirror.com/@types/webgl-ext/-/webgl-ext-0.0.30.tgz",
      "integrity": "sha512-LKVgNmBxN0BbljJrVUwkxwRYqzsAEPcZOe6S2T6ZaBDIrFp0qu4FNlpc5sM1tGbXUYFgdVQIoeLk1Y1UoblyEg=="
    },
    "@types/webgl2": {
      "version": "0.0.6",
      "resolved": "https://registry.npmmirror.com/@types/webgl2/-/webgl2-0.0.6.tgz",
      "integrity": "sha512-50GQhDVTq/herLMiqSQkdtRu+d5q/cWHn4VvKJtrj4DJAjo1MNkWYa2MA41BaBO1q1HgsUjuQvEOk0QHvlnAaQ=="
    },
    "@vitejs/plugin-vue": {
      "version": "1.6.0",
      "resolved": "https://registry.npmjs.org/@vitejs/plugin-vue/-/plugin-vue-1.6.0.tgz",
      "integrity": "sha512-n3i8htn8pTg9M+kM3cnEfsPZx/6ngInlTroth6fA1LQTJq5aTVQ8ggaE5pPoAy9vCgHPtcaXMzwpldhqRAkebQ==",
      "dev": true
    },
    "@vue/compiler-core": {
      "version": "3.2.8",
      "resolved": "https://registry.npmjs.org/@vue/compiler-core/-/compiler-core-3.2.8.tgz",
      "integrity": "sha512-Sx8qJ030+QM/NakUrkQuUGCeDEb+0d0AgFOl5W4qRvR6e+YgLnW2ew0jREf4T1hak9Fdk8Edl67StECHrhEuew==",
      "requires": {
        "@babel/parser": "^7.15.0",
        "@babel/types": "^7.15.0",
        "@vue/shared": "3.2.8",
        "estree-walker": "^2.0.2",
        "source-map": "^0.6.1"
      }
    },
    "@vue/compiler-dom": {
      "version": "3.2.8",
      "resolved": "https://registry.npmjs.org/@vue/compiler-dom/-/compiler-dom-3.2.8.tgz",
      "integrity": "sha512-nxBW6k8FMWQ74294CRbqR+iEJRO5vIjx85I3YCOyZFD6FsDHyFL60g76TcJzucp+F2XXIDaYz+A+F4gQlDatjw==",
      "requires": {
        "@vue/compiler-core": "3.2.8",
        "@vue/shared": "3.2.8"
      }
    },
    "@vue/compiler-sfc": {
      "version": "3.2.8",
      "resolved": "https://registry.npmjs.org/@vue/compiler-sfc/-/compiler-sfc-3.2.8.tgz",
      "integrity": "sha512-XClueQAXoWtN2EToKgfYH9FCL70Ac4bxx6OZFZzxYSg1bei8IB9srJP1UOfnJb2IpnM1heikAz1dp1HI1wHcyQ==",
      "dev": true,
      "requires": {
        "@babel/parser": "^7.15.0",
        "@babel/types": "^7.15.0",
        "@types/estree": "^0.0.48",
        "@vue/compiler-core": "3.2.8",
        "@vue/compiler-dom": "3.2.8",
        "@vue/compiler-ssr": "3.2.8",
        "@vue/ref-transform": "3.2.8",
        "@vue/shared": "3.2.8",
        "consolidate": "^0.16.0",
        "estree-walker": "^2.0.2",
        "hash-sum": "^2.0.0",
        "lru-cache": "^5.1.1",
        "magic-string": "^0.25.7",
        "merge-source-map": "^1.1.0",
        "postcss": "^8.1.10",
        "postcss-modules": "^4.0.0",
        "postcss-selector-parser": "^6.0.4",
        "source-map": "^0.6.1"
      }
    },
    "@vue/compiler-ssr": {
      "version": "3.2.8",
      "resolved": "https://registry.npmjs.org/@vue/compiler-ssr/-/compiler-ssr-3.2.8.tgz",
      "integrity": "sha512-QqyiFRiIl55W0abDNQ6cNG/7iIfBHmbXVtssUAjX3IlI87ELeT0xackmrCyTSnfIX12ixljg9AN0COIZwlvt5A==",
      "dev": true,
      "requires": {
        "@vue/compiler-dom": "3.2.8",
        "@vue/shared": "3.2.8"
      }
    },
    "@vue/devtools-api": {
      "version": "6.0.12",
      "resolved": "https://registry.npmmirror.com/@vue/devtools-api/-/devtools-api-6.0.12.tgz",
      "integrity": "sha512-iO/4FIezHKXhiDBdKySCvJVh8/mZPxHpiQrTy+PXVqJZgpTPTdHy4q8GXulaY+UKEagdkBb0onxNQZ0LNiqVhw=="
    },
    "@vue/reactivity": {
      "version": "3.2.8",
      "resolved": "https://registry.npmjs.org/@vue/reactivity/-/reactivity-3.2.8.tgz",
      "integrity": "sha512-/Hj3Uz28SG+xB5SDWPOXUs0emvHkq82EmTgk44/plTVFeswCZ3i3Hd7WmsrPT4rGajlDKd5uqMmW0ith1ED0FA==",
      "requires": {
        "@vue/shared": "3.2.8"
      }
    },
    "@vue/ref-transform": {
      "version": "3.2.8",
      "resolved": "https://registry.npmjs.org/@vue/ref-transform/-/ref-transform-3.2.8.tgz",
      "integrity": "sha512-9LdADd4JM3klt+b2qNT8a7b7JvBETNBy2Btv5rDzyPrAVS4Vrw+1WWay6gZBgnxfJ9TPSvG8f/9zu6gNGHmJLA==",
      "dev": true,
      "requires": {
        "@babel/parser": "^7.15.0",
        "@vue/compiler-core": "3.2.8",
        "@vue/shared": "3.2.8",
        "estree-walker": "^2.0.2",
        "magic-string": "^0.25.7"
      }
    },
    "@vue/runtime-core": {
      "version": "3.2.8",
      "resolved": "https://registry.npmjs.org/@vue/runtime-core/-/runtime-core-3.2.8.tgz",
      "integrity": "sha512-hwzXLGw1njBEY5JSyRXIIdCtzMFFF6F38WcKMmoIE3p7da30jEbWt8EwwrBomjT8ZbqzElOGlewBcnXNOiiIUg==",
      "requires": {
        "@vue/reactivity": "3.2.8",
        "@vue/shared": "3.2.8"
      }
    },
    "@vue/runtime-dom": {
      "version": "3.2.8",
      "resolved": "https://registry.npmjs.org/@vue/runtime-dom/-/runtime-dom-3.2.8.tgz",
      "integrity": "sha512-A/aRrlGLJ5y4Z7eNbnO/xHwx2RiPijQo7D3OIwESroG3HNP+dpuoqamajo5TXS9ZGjbMOih82COoe7xb9P4BZw==",
      "requires": {
        "@vue/runtime-core": "3.2.8",
        "@vue/shared": "3.2.8",
        "csstype": "^2.6.8"
      }
    },
    "@vue/shared": {
      "version": "3.2.8",
      "resolved": "https://registry.npmjs.org/@vue/shared/-/shared-3.2.8.tgz",
      "integrity": "sha512-E2DQQnG7Qr4GwTs3GlfPPlHliGVADoufTnhpwfoViw7JlyLMmYtjfnTwM6nXAwvSJWiF7D+7AxpnWBBT3VWo6Q=="
    },
    "ansi-regex": {
      "version": "5.0.1",
      "resolved": "https://registry.npmmirror.com/ansi-regex/-/ansi-regex-5.0.1.tgz",
      "integrity": "sha512-quJQXlTSUGL2LH9SUXo8VwsY4soanhgo6LNSm84E1LBcE8s3O0wpdiRzyR9z/ZZJMlMWv37qOOb9pdJlMUEKFQ=="
    },
    "ansi-styles": {
      "version": "4.3.0",
      "resolved": "https://registry.npmmirror.com/ansi-styles/-/ansi-styles-4.3.0.tgz",
      "integrity": "sha512-zbB9rCJAT1rbjiVDb2hqKFHNYLxgtk8NURxZ3IZwD3F6NtxbXZQCnnSi1Lkx+IDohdPlFp222wVALIheZJQSEg==",
      "requires": {
        "color-convert": "^2.0.1"
      }
    },
    "argparse": {
      "version": "1.0.10",
      "resolved": "https://registry.npmmirror.com/argparse/-/argparse-1.0.10.tgz",
      "integrity": "sha512-o5Roy6tNG4SL/FOkCAN6RzjiakZS25RLYFrcMttJqbdd8BWrnA+fGz57iN5Pb06pvBGvl5gQ0B48dJlslXvoTg==",
      "requires": {
        "sprintf-js": "~1.0.2"
      }
    },
    "asynckit": {
      "version": "0.4.0",
      "resolved": "https://registry.npmmirror.com/asynckit/-/asynckit-0.4.0.tgz",
      "integrity": "sha512-Oei9OH4tRh0YqU3GxhX79dM/mwVgvbZJaSNaRk+bshkj0S5cfHcgYakreBjrHwatXKbz+IoIdYLxrKim2MjW0Q=="
    },
    "big.js": {
      "version": "5.2.2",
      "resolved": "https://registry.npmjs.org/big.js/-/big.js-5.2.2.tgz",
      "integrity": "sha512-vyL2OymJxmarO8gxMr0mhChsO9QGwhynfuu4+MHTAW6czfq9humCB7rKpUjDd9YUiDPU4mzpyupFSvOClAwbmQ==",
      "dev": true
    },
    "bluebird": {
      "version": "3.7.2",
      "resolved": "https://registry.npmjs.org/bluebird/-/bluebird-3.7.2.tgz",
      "integrity": "sha512-XpNj6GDQzdfW+r2Wnn7xiSAd7TM3jzkxGXBGTtWKuSXv1xUV+azxAm8jdWZN06QTQk+2N2XB9jRDkvbmQmcRtg==",
      "dev": true
    },
    "chalk": {
      "version": "4.1.2",
      "resolved": "https://registry.npmmirror.com/chalk/-/chalk-4.1.2.tgz",
      "integrity": "sha512-oKnbhFyRIXpUuez8iBMmyEa4nbj4IOQyuhc/wy9kY7/WVPcwIO9VA668Pu8RkO7+0G76SLROeyw9CpQ061i4mA==",
      "requires": {
        "ansi-styles": "^4.1.0",
        "supports-color": "^7.1.0"
      }
    },
    "cliui": {
      "version": "7.0.4",
      "resolved": "https://registry.npmmirror.com/cliui/-/cliui-7.0.4.tgz",
      "integrity": "sha512-OcRE68cOsVMXp1Yvonl/fzkQOyjLSu/8bhPDfQt0e0/Eb283TKP20Fs2MqoPsr9SwA595rRCA+QMzYc9nBP+JQ==",
      "requires": {
        "string-width": "^4.2.0",
        "strip-ansi": "^6.0.0",
        "wrap-ansi": "^7.0.0"
      }
    },
    "color-convert": {
      "version": "2.0.1",
      "resolved": "https://registry.npmmirror.com/color-convert/-/color-convert-2.0.1.tgz",
      "integrity": "sha512-RRECPsj7iu/xb5oKYcsFHSppFNnsj/52OVTRKb4zP5onXwVF3zVmmToNcOfGC+CRDpfK/U584fMg38ZHCaElKQ==",
      "requires": {
        "color-name": "~1.1.4"
      }
    },
    "color-name": {
      "version": "1.1.4",
      "resolved": "https://registry.npmmirror.com/color-name/-/color-name-1.1.4.tgz",
      "integrity": "sha512-dOy+3AuW3a2wNbZHIuMZpTcgjGuLU/uBL/ubcZF9OXbDo8ff4O8yVp5Bf0efS8uEoYo5q4Fx7dY9OgQGXgAsQA=="
    },
    "colorette": {
      "version": "1.3.0",
      "resolved": "https://registry.npmjs.org/colorette/-/colorette-1.3.0.tgz",
      "integrity": "sha512-ecORCqbSFP7Wm8Y6lyqMJjexBQqXSF7SSeaTyGGphogUjBlFP9m9o08wy86HL2uB7fMTxtOUzLMk7ogKcxMg1w==",
      "dev": true
    },
    "combined-stream": {
      "version": "1.0.8",
      "resolved": "https://registry.npmmirror.com/combined-stream/-/combined-stream-1.0.8.tgz",
      "integrity": "sha512-FQN4MRfuJeHf7cBbBMJFXhKSDq+2kAArBlmRBvcvFE5BB1HZKXtSFASDhdlz9zOYwxh8lDdnvmMOe/+5cdoEdg==",
      "requires": {
        "delayed-stream": "~1.0.0"
      }
    },
    "consolidate": {
      "version": "0.16.0",
      "resolved": "https://registry.npmjs.org/consolidate/-/consolidate-0.16.0.tgz",
      "integrity": "sha512-Nhl1wzCslqXYTJVDyJCu3ODohy9OfBMB5uD2BiBTzd7w+QY0lBzafkR8y8755yMYHAaMD4NuzbAw03/xzfw+eQ==",
      "dev": true,
      "requires": {
        "bluebird": "^3.7.2"
      }
    },
    "core-js": {
      "version": "3.21.1",
      "resolved": "https://registry.npmmirror.com/core-js/-/core-js-3.21.1.tgz",
      "integrity": "sha512-FRq5b/VMrWlrmCzwRrpDYNxyHP9BcAZC+xHJaqTgIE5091ZV1NTmyh0sGOg5XqpnHvR0svdy0sv1gWA1zmhxig=="
    },
    "cssesc": {
      "version": "3.0.0",
      "resolved": "https://registry.npmjs.org/cssesc/-/cssesc-3.0.0.tgz",
      "integrity": "sha512-/Tb/JcjK111nNScGob5MNtsntNM1aCNUDipB/TkwZFhyDrrE47SOx/18wF2bbjgc3ZzCSKW1T5nt5EbFoAz/Vg==",
      "dev": true
    },
    "csstype": {
      "version": "2.6.17",
      "resolved": "https://registry.npmjs.org/csstype/-/csstype-2.6.17.tgz",
      "integrity": "sha512-u1wmTI1jJGzCJzWndZo8mk4wnPTZd1eOIYTYvuEyOQGfmDl3TrabCCfKnOC86FZwW/9djqTl933UF/cS425i9A=="
    },
    "delayed-stream": {
      "version": "1.0.0",
      "resolved": "https://registry.npmmirror.com/delayed-stream/-/delayed-stream-1.0.0.tgz",
      "integrity": "sha512-ZySD7Nf91aLB0RxL4KGrKHBXl7Eds1DAmEdcoVawXnLD7SDhpNgtuII2aAkg7a7QS41jxPSZ17p4VdGnMHk3MQ=="
    },
    "emoji-regex": {
      "version": "8.0.0",
      "resolved": "https://registry.npmmirror.com/emoji-regex/-/emoji-regex-8.0.0.tgz",
      "integrity": "sha512-MSjYzcWNOA0ewAHpz0MxpYFvwg6yjy1NG3xteoqz644VCo/RPgnr1/GGt+ic3iJTzQ8Eu3TdM14SawnVUmGE6A=="
    },
    "emojis-list": {
      "version": "3.0.0",
      "resolved": "https://registry.npmjs.org/emojis-list/-/emojis-list-3.0.0.tgz",
      "integrity": "sha512-/kyM18EfinwXZbno9FyUGeFh87KC8HRQBQGildHZbEuRyWFOmv1U10o9BBp8XVZDVNNuQKyIGIu5ZYAAXJ0V2Q==",
      "dev": true
    },
    "esbuild": {
      "version": "0.12.25",
      "resolved": "https://registry.npmjs.org/esbuild/-/esbuild-0.12.25.tgz",
      "integrity": "sha512-woie0PosbRSoN8gQytrdCzUbS2ByKgO8nD1xCZkEup3D9q92miCze4PqEI9TZDYAuwn6CruEnQpJxgTRWdooAg==",
      "dev": true
    },
    "escalade": {
      "version": "3.1.1",
      "resolved": "https://registry.npmmirror.com/escalade/-/escalade-3.1.1.tgz",
      "integrity": "sha512-k0er2gUkLf8O0zKJiAhmkTnJlTvINGv7ygDNPbeIsX/TJjGJZHuh9B2UxbsaEkmlEo9MfhrSzmhIlhRlI2GXnw=="
    },
    "estree-walker": {
      "version": "2.0.2",
      "resolved": "https://registry.npmjs.org/estree-walker/-/estree-walker-2.0.2.tgz",
      "integrity": "sha512-Rfkk/Mp/DL7JVje3u18FxFujQlTNR2q6QfMSMB7AvCBx91NGj/ba3kCfza0f6dVDbw7YlRf/nDrn7pQrCCyQ/w=="
    },
    "form-data": {
      "version": "3.0.1",
      "resolved": "https://registry.npmmirror.com/form-data/-/form-data-3.0.1.tgz",
      "integrity": "sha512-RHkBKtLWUVwd7SqRIvCZMEvAMoGUp0XU+seQiZejj0COz3RI3hWP4sCv3gZWWLjJTd7rGwcsF5eKZGii0r/hbg==",
      "requires": {
        "asynckit": "^0.4.0",
        "combined-stream": "^1.0.8",
        "mime-types": "^2.1.12"
      }
    },
    "fsevents": {
      "version": "2.3.2",
      "resolved": "https://registry.npmjs.org/fsevents/-/fsevents-2.3.2.tgz",
      "integrity": "sha512-xiqMQR4xAeHTuB9uWm+fFRcIOgKBMiOBP+eXiyT7jsgVCq1bkVygt00oASowB7EdtpOHaaPgKt812P9ab+DDKA==",
      "dev": true,
      "optional": true
    },
    "function-bind": {
      "version": "1.1.1",
      "resolved": "https://registry.npmjs.org/function-bind/-/function-bind-1.1.1.tgz",
      "integrity": "sha512-yIovAzMX49sF8Yl58fSCWJ5svSLuaibPxXQJFLmBObTuCr0Mf1KiPopGM9NiFjiYBCbfaa2Fh6breQ6ANVTI0A==",
      "dev": true
    },
    "generic-names": {
      "version": "2.0.1",
      "resolved": "https://registry.npmjs.org/generic-names/-/generic-names-2.0.1.tgz",
      "integrity": "sha512-kPCHWa1m9wGG/OwQpeweTwM/PYiQLrUIxXbt/P4Nic3LbGjCP0YwrALHW1uNLKZ0LIMg+RF+XRlj2ekT9ZlZAQ==",
      "dev": true,
      "requires": {
        "loader-utils": "^1.1.0"
      }
    },
    "get-caller-file": {
      "version": "2.0.5",
      "resolved": "https://registry.npmmirror.com/get-caller-file/-/get-caller-file-2.0.5.tgz",
      "integrity": "sha512-DyFP3BM/3YHTQOCUL/w0OZHR0lpKeGrxotcHWcqNEdnltqFwXVfhEBQ94eIo34AfQpo0rGki4cyIiftY06h2Fg=="
    },
    "has": {
      "version": "1.0.3",
      "resolved": "https://registry.npmjs.org/has/-/has-1.0.3.tgz",
      "integrity": "sha512-f2dvO0VU6Oej7RkWJGrehjbzMAjFp5/VKPp5tTpWIV4JHHZK1/BxbFRtf/siA2SWTe09caDmVtYYzWEIbBS4zw==",
      "dev": true,
      "requires": {
        "function-bind": "^1.1.1"
      }
    },
    "has-flag": {
      "version": "4.0.0",
      "resolved": "https://registry.npmmirror.com/has-flag/-/has-flag-4.0.0.tgz",
      "integrity": "sha512-EykJT/Q1KjTWctppgIAgfSO0tKVuZUjhgMr17kqTumMl6Afv3EISleU7qZUzoXDFTAHTDC4NOoG/ZxU3EvlMPQ=="
    },
    "hash-sum": {
      "version": "2.0.0",
      "resolved": "https://registry.npmjs.org/hash-sum/-/hash-sum-2.0.0.tgz",
      "integrity": "sha512-WdZTbAByD+pHfl/g9QSsBIIwy8IT+EsPiKDs0KNX+zSHhdDLFKdZu0BQHljvO+0QI/BasbMSUa8wYNCZTvhslg==",
      "dev": true
    },
    "icss-replace-symbols": {
      "version": "1.1.0",
      "resolved": "https://registry.npmjs.org/icss-replace-symbols/-/icss-replace-symbols-1.1.0.tgz",
      "integrity": "sha1-Bupvg2ead0njhs/h/oEq5dsiPe0=",
      "dev": true
    },
    "icss-utils": {
      "version": "5.1.0",
      "resolved": "https://registry.npmjs.org/icss-utils/-/icss-utils-5.1.0.tgz",
      "integrity": "sha512-soFhflCVWLfRNOPU3iv5Z9VUdT44xFRbzjLsEzSr5AQmgqPMTHdU3PMT1Cf1ssx8fLNJDA1juftYl+PUcv3MqA==",
      "dev": true
    },
    "is-core-module": {
      "version": "2.6.0",
      "resolved": "https://registry.npmjs.org/is-core-module/-/is-core-module-2.6.0.tgz",
      "integrity": "sha512-wShG8vs60jKfPWpF2KZRaAtvt3a20OAn7+IJ6hLPECpSABLcKtFKTTI4ZtH5QcBruBHlq+WsdHWyz0BCZW7svQ==",
      "dev": true,
      "requires": {
        "has": "^1.0.3"
      }
    },
    "is-fullwidth-code-point": {
      "version": "3.0.0",
      "resolved": "https://registry.npmmirror.com/is-fullwidth-code-point/-/is-fullwidth-code-point-3.0.0.tgz",
      "integrity": "sha512-zymm5+u+sCsSWyD9qNaejV3DFvhCKclKdizYaJUuHA83RLjb7nSuGnddCHGv0hk+KY7BMAlsWeK4Ueg6EV6XQg=="
    },
    "json5": {
      "version": "1.0.1",
      "resolved": "https://registry.npmjs.org/json5/-/json5-1.0.1.tgz",
      "integrity": "sha512-aKS4WQjPenRxiQsC93MNfjx+nbF4PAdYzmd/1JIj8HYzqfbu86beTuNgXDzPknWk0n0uARlyewZo4s++ES36Ow==",
      "dev": true,
      "requires": {
        "minimist": "^1.2.0"
      }
    },
    "loader-utils": {
      "version": "1.4.0",
      "resolved": "https://registry.npmjs.org/loader-utils/-/loader-utils-1.4.0.tgz",
      "integrity": "sha512-qH0WSMBtn/oHuwjy/NucEgbx5dbxxnxup9s4PVXJUDHZBQY+s0NWA9rJf53RBnQZxfch7euUui7hpoAPvALZdA==",
      "dev": true,
      "requires": {
        "big.js": "^5.2.2",
        "emojis-list": "^3.0.0",
        "json5": "^1.0.1"
      }
    },
    "lodash.camelcase": {
      "version": "4.3.0",
      "resolved": "https://registry.npmjs.org/lodash.camelcase/-/lodash.camelcase-4.3.0.tgz",
      "integrity": "sha1-soqmKIorn8ZRA1x3EfZathkDMaY=",
      "dev": true
    },
    "long": {
      "version": "4.0.0",
      "resolved": "https://registry.npmmirror.com/long/-/long-4.0.0.tgz",
      "integrity": "sha512-XsP+KhQif4bjX1kbuSiySJFNAehNxgLb6hPRGJ9QsUr8ajHkuXGdrHmFUTUUXhDwVX2R5bY4JNZEwbUiMhV+MA=="
    },
    "lru-cache": {
      "version": "5.1.1",
      "resolved": "https://registry.npmjs.org/lru-cache/-/lru-cache-5.1.1.tgz",
      "integrity": "sha512-KpNARQA3Iwv+jTA0utUVVbrh+Jlrr1Fv0e56GGzAFOXN7dk/FviaDW8LHmK52DlcH4WP2n6gI8vN1aesBFgo9w==",
      "dev": true,
      "requires": {
        "yallist": "^3.0.2"
      }
    },
    "magic-string": {
      "version": "0.25.7",
      "resolved": "https://registry.npmjs.org/magic-string/-/magic-string-0.25.7.tgz",
      "integrity": "sha512-4CrMT5DOHTDk4HYDlzmwu4FVCcIYI8gauveasrdCu2IKIFOJ3f0v/8MDGJCDL9oD2ppz/Av1b0Nj345H9M+XIA==",
      "dev": true,
      "requires": {
        "sourcemap-codec": "^1.4.4"
      }
    },
    "merge-source-map": {
      "version": "1.1.0",
      "resolved": "https://registry.npmjs.org/merge-source-map/-/merge-source-map-1.1.0.tgz",
      "integrity": "sha512-Qkcp7P2ygktpMPh2mCQZaf3jhN6D3Z/qVZHSdWvQ+2Ef5HgRAPBO57A77+ENm0CPx2+1Ce/MYKi3ymqdfuqibw==",
      "dev": true,
      "requires": {
        "source-map": "^0.6.1"
      }
    },
    "mime-db": {
      "version": "1.51.0",
      "resolved": "https://registry.npmmirror.com/mime-db/-/mime-db-1.51.0.tgz",
      "integrity": "sha512-5y8A56jg7XVQx2mbv1lu49NR4dokRnhZYTtL+KGfaa27uq4pSTXkwQkFJl4pkRMyNFz/EtYDSkiiEHx3F7UN6g=="
    },
    "mime-types": {
      "version": "2.1.34",
      "resolved": "https://registry.npmmirror.com/mime-types/-/mime-types-2.1.34.tgz",
      "integrity": "sha512-6cP692WwGIs9XXdOO4++N+7qjqv0rqxxVvJ3VHPh/Sc9mVZcQP+ZGhkKiTvWMQRr2tbHkJP/Yn7Y0npb3ZBs4A==",
      "requires": {
        "mime-db": "1.51.0"
      }
    },
    "minimist": {
      "version": "1.2.5",
      "resolved": "https://registry.npmjs.org/minimist/-/minimist-1.2.5.tgz",
      "integrity": "sha512-FM9nNUYrRBAELZQT3xeZQ7fmMOBg6nWNmJKTcgsJeaLstP/UODVpGsr5OhXhhXg6f+qtJ8uiZ+PUxkDWcgIXLw==",
      "dev": true
    },
    "nanoid": {
      "version": "3.1.25",
      "resolved": "https://registry.npmjs.org/nanoid/-/nanoid-3.1.25.tgz",
      "integrity": "sha512-rdwtIXaXCLFAQbnfqDRnI6jaRHp9fTcYBjtFKE8eezcZ7LuLjhUaQGNeMXf1HmRoCH32CLz6XwX0TtxEOS/A3Q==",
      "dev": true
    },
    "node-fetch": {
      "version": "2.6.7",
      "resolved": "https://registry.npmmirror.com/node-fetch/-/node-fetch-2.6.7.tgz",
      "integrity": "sha512-ZjMPFEfVx5j+y2yF35Kzx5sF7kDzxuDj6ziH4FFbOp87zKDZNx8yExJIb05OGF4Nlt9IHFIMBkRl41VdvcNdbQ==",
      "requires": {
        "whatwg-url": "^5.0.0"
      }
    },
    "path-parse": {
      "version": "1.0.7",
      "resolved": "https://registry.npmjs.org/path-parse/-/path-parse-1.0.7.tgz",
      "integrity": "sha512-LDJzPVEEEPR+y48z93A0Ed0yXb8pAByGWo/k5YYdYgpY2/2EsOsksJrq7lOHxryrVOn1ejG6oAp8ahvOIQD8sw==",
      "dev": true
    },
    "postcss": {
      "version": "8.3.6",
      "resolved": "https://registry.npmjs.org/postcss/-/postcss-8.3.6.tgz",
      "integrity": "sha512-wG1cc/JhRgdqB6WHEuyLTedf3KIRuD0hG6ldkFEZNCjRxiC+3i6kkWUUbiJQayP28iwG35cEmAbe98585BYV0A==",
      "dev": true,
      "requires": {
        "colorette": "^1.2.2",
        "nanoid": "^3.1.23",
        "source-map-js": "^0.6.2"
      }
    },
    "postcss-modules": {
      "version": "4.2.2",
      "resolved": "https://registry.npmjs.org/postcss-modules/-/postcss-modules-4.2.2.tgz",
      "integrity": "sha512-/H08MGEmaalv/OU8j6bUKi/kZr2kqGF6huAW8m9UAgOLWtpFdhA14+gPBoymtqyv+D4MLsmqaF2zvIegdCxJXg==",
      "dev": true,
      "requires": {
        "generic-names": "^2.0.1",
        "icss-replace-symbols": "^1.1.0",
        "lodash.camelcase": "^4.3.0",
        "postcss-modules-extract-imports": "^3.0.0",
        "postcss-modules-local-by-default": "^4.0.0",
        "postcss-modules-scope": "^3.0.0",
        "postcss-modules-values": "^4.0.0",
        "string-hash": "^1.1.1"
      }
    },
    "postcss-modules-extract-imports": {
      "version": "3.0.0",
      "resolved": "https://registry.npmjs.org/postcss-modules-extract-imports/-/postcss-modules-extract-imports-3.0.0.tgz",
      "integrity": "sha512-bdHleFnP3kZ4NYDhuGlVK+CMrQ/pqUm8bx/oGL93K6gVwiclvX5x0n76fYMKuIGKzlABOy13zsvqjb0f92TEXw==",
      "dev": true
    },
    "postcss-modules-local-by-default": {
      "version": "4.0.0",
      "resolved": "https://registry.npmjs.org/postcss-modules-local-by-default/-/postcss-modules-local-by-default-4.0.0.tgz",
      "integrity": "sha512-sT7ihtmGSF9yhm6ggikHdV0hlziDTX7oFoXtuVWeDd3hHObNkcHRo9V3yg7vCAY7cONyxJC/XXCmmiHHcvX7bQ==",
      "dev": true,
      "requires": {
        "icss-utils": "^5.0.0",
        "postcss-selector-parser": "^6.0.2",
        "postcss-value-parser": "^4.1.0"
      }
    },
    "postcss-modules-scope": {
      "version": "3.0.0",
      "resolved": "https://registry.npmjs.org/postcss-modules-scope/-/postcss-modules-scope-3.0.0.tgz",
      "integrity": "sha512-hncihwFA2yPath8oZ15PZqvWGkWf+XUfQgUGamS4LqoP1anQLOsOJw0vr7J7IwLpoY9fatA2qiGUGmuZL0Iqlg==",
      "dev": true,
      "requires": {
        "postcss-selector-parser": "^6.0.4"
      }
    },
    "postcss-modules-values": {
      "version": "4.0.0",
      "resolved": "https://registry.npmjs.org/postcss-modules-values/-/postcss-modules-values-4.0.0.tgz",
      "integrity": "sha512-RDxHkAiEGI78gS2ofyvCsu7iycRv7oqw5xMWn9iMoR0N/7mf9D50ecQqUo5BZ9Zh2vH4bCUR/ktCqbB9m8vJjQ==",
      "dev": true,
      "requires": {
        "icss-utils": "^5.0.0"
      }
    },
    "postcss-selector-parser": {
      "version": "6.0.6",
      "resolved": "https://registry.npmjs.org/postcss-selector-parser/-/postcss-selector-parser-6.0.6.tgz",
      "integrity": "sha512-9LXrvaaX3+mcv5xkg5kFwqSzSH1JIObIx51PrndZwlmznwXRfxMddDvo9gve3gVR8ZTKgoFDdWkbRFmEhT4PMg==",
      "dev": true,
      "requires": {
        "cssesc": "^3.0.0",
        "util-deprecate": "^1.0.2"
      }
    },
    "postcss-value-parser": {
      "version": "4.1.0",
      "resolved": "https://registry.npmjs.org/postcss-value-parser/-/postcss-value-parser-4.1.0.tgz",
      "integrity": "sha512-97DXOFbQJhk71ne5/Mt6cOu6yxsSfM0QGQyl0L25Gca4yGWEGJaig7l7gbCX623VqTBNGLRLaVUCnNkcedlRSQ==",
      "dev": true
    },
    "regenerator-runtime": {
      "version": "0.13.9",
      "resolved": "https://registry.npmmirror.com/regenerator-runtime/-/regenerator-runtime-0.13.9.tgz",
      "integrity": "sha512-p3VT+cOEgxFsRRA9X4lkI1E+k2/CtnKtU4gcxyaCUreilL/vqI6CdZ3wxVUx3UOUg+gnUOQQcRI7BmSI656MYA=="
    },
    "require-directory": {
      "version": "2.1.1",
      "resolved": "https://registry.npmmirror.com/require-directory/-/require-directory-2.1.1.tgz",
      "integrity": "sha512-fGxEI7+wsG9xrvdjsrlmL22OMTTiHRwAMroiEeMgq8gzoLC/PQr7RsRDSTLUg/bZAZtF+TVIkHc6/4RIKrui+Q=="
    },
    "resolve": {
      "version": "1.20.0",
      "resolved": "https://registry.npmjs.org/resolve/-/resolve-1.20.0.tgz",
      "integrity": "sha512-wENBPt4ySzg4ybFQW2TT1zMQucPK95HSh/nq2CFTZVOGut2+pQvSsgtda4d26YrYcr067wjbmzOG8byDPBX63A==",
      "dev": true,
      "requires": {
        "is-core-module": "^2.2.0",
        "path-parse": "^1.0.6"
      }
    },
    "rollup": {
      "version": "2.56.3",
      "resolved": "https://registry.npmjs.org/rollup/-/rollup-2.56.3.tgz",
      "integrity": "sha512-Au92NuznFklgQCUcV96iXlxUbHuB1vQMaH76DHl5M11TotjOHwqk9CwcrT78+Tnv4FN9uTBxq6p4EJoYkpyekg==",
      "dev": true,
      "requires": {
        "fsevents": "~2.3.2"
      }
    },
    "seedrandom": {
      "version": "2.4.3",
      "resolved": "https://registry.npmmirror.com/seedrandom/-/seedrandom-2.4.3.tgz",
      "integrity": "sha512-2CkZ9Wn2dS4mMUWQaXLsOAfGD+irMlLEeSP3cMxpGbgyOOzJGFa+MWCOMTOCMyZinHRPxyOj/S/C57li/1to6Q=="
    },
    "source-map": {
      "version": "0.6.1",
      "resolved": "https://registry.npmjs.org/source-map/-/source-map-0.6.1.tgz",
      "integrity": "sha512-UjgapumWlbMhkBgzT7Ykc5YXUT46F0iKu8SGXq0bcwP5dz/h0Plj6enJqjz1Zbq2l5WaqYnrVbwWOWMyF3F47g=="
    },
    "source-map-js": {
      "version": "0.6.2",
      "resolved": "https://registry.npmjs.org/source-map-js/-/source-map-js-0.6.2.tgz",
      "integrity": "sha512-/3GptzWzu0+0MBQFrDKzw/DvvMTUORvgY6k6jd/VS6iCR4RDTKWH6v6WPwQoUO8667uQEf9Oe38DxAYWY5F/Ug==",
      "dev": true
    },
    "sourcemap-codec": {
      "version": "1.4.8",
      "resolved": "https://registry.npmjs.org/sourcemap-codec/-/sourcemap-codec-1.4.8.tgz",
      "integrity": "sha512-9NykojV5Uih4lgo5So5dtw+f0JgJX30KCNI8gwhz2J9A15wD0Ml6tjHKwf6fTSa6fAdVBdZeNOs9eJ71qCk8vA==",
      "dev": true
    },
    "sprintf-js": {
      "version": "1.0.3",
      "resolved": "https://registry.npmmirror.com/sprintf-js/-/sprintf-js-1.0.3.tgz",
      "integrity": "sha512-D9cPgkvLlV3t3IzL0D0YLvGA9Ahk4PcvVwUbN0dSGr1aP0Nrt4AEnTUbuGvquEC0mA64Gqt1fzirlRs5ibXx8g=="
    },
    "string-hash": {
      "version": "1.1.3",
      "resolved": "https://registry.npmjs.org/string-hash/-/string-hash-1.1.3.tgz",
      "integrity": "sha1-6Kr8CsGFW0Zmkp7X3RJ1311sgRs=",
      "dev": true
    },
    "string-width": {
      "version": "4.2.3",
      "resolved": "https://registry.npmmirror.com/string-width/-/string-width-4.2.3.tgz",
      "integrity": "sha512-wKyQRQpjJ0sIp62ErSZdGsjMJWsap5oRNihHhu6G7JVO/9jIB6UyevL+tXuOqrng8j/cxKTWyWUwvSTriiZz/g==",
      "requires": {
        "emoji-regex": "^8.0.0",
        "is-fullwidth-code-point": "^3.0.0",
        "strip-ansi": "^6.0.1"
      }
    },
    "strip-ansi": {
      "version": "6.0.1",
      "resolved": "https://registry.npmmirror.com/strip-ansi/-/strip-ansi-6.0.1.tgz",
      "integrity": "sha512-Y38VPSHcqkFrCpFnQ9vuSXmquuv5oXOKpGeT6aGrr3o3Gc9AlVa6JBfUSOCnbxGGZF+/0ooI7KrPuUSztUdU5A==",
      "requires": {
        "ansi-regex": "^5.0.1"
      }
    },
    "supports-color": {
      "version": "7.2.0",
      "resolved": "https://registry.npmmirror.com/supports-color/-/supports-color-7.2.0.tgz",
      "integrity": "sha512-qpCAvRl9stuOHveKsn7HncJRvv501qIacKzQlO/+Lwxc9+0q2wLyv4Dfvt80/DPn2pqOBsJdDiogXGR9+OvwRw==",
      "requires": {
        "has-flag": "^4.0.0"
      }
    },
    "to-fast-properties": {
      "version": "2.0.0",
      "resolved": "https://registry.npmjs.org/to-fast-properties/-/to-fast-properties-2.0.0.tgz",
      "integrity": "sha1-3F5pjL0HkmW8c+A3doGk5Og/YW4="
    },
    "tr46": {
      "version": "0.0.3",
      "resolved": "https://registry.npmmirror.com/tr46/-/tr46-0.0.3.tgz",
      "integrity": "sha512-N3WMsuqV66lT30CrXNbEjx4GEwlow3v6rr4mCcv6prnfwhS01rkgyFdjPNBYd9br7LpXV1+Emh01fHnq2Gdgrw=="
    },
    "typescript": {
      "version": "4.5.5",
      "resolved": "https://registry.npmmirror.com/typescript/-/typescript-4.5.5.tgz",
      "integrity": "sha512-TCTIul70LyWe6IJWT8QSYeA54WQe8EjQFU4wY52Fasj5UKx88LNYKCgBEHcOMOrFF1rKGbD8v/xcNWVUq9SymA==",
      "dev": true
    },
    "util-deprecate": {
      "version": "1.0.2",
      "resolved": "https://registry.npmjs.org/util-deprecate/-/util-deprecate-1.0.2.tgz",
      "integrity": "sha1-RQ1Nyfpw3nMnYvvS1KKJgUGaDM8=",
      "dev": true
    },
    "vite": {
      "version": "2.5.3",
      "resolved": "https://registry.npmjs.org/vite/-/vite-2.5.3.tgz",
      "integrity": "sha512-1wMDnjflvtTTkMov8O/Xb5+w1/VW/Gw8oCf8f6dqgHn8lMOEqq0SaPtFEQeikFcOKCfSbiU0nEi0LDIx6DNsaQ==",
      "dev": true,
      "requires": {
        "esbuild": "^0.12.17",
        "fsevents": "~2.3.2",
        "postcss": "^8.3.6",
        "resolve": "^1.20.0",
        "rollup": "^2.38.5"
      }
    },
    "vue": {
      "version": "3.2.8",
      "resolved": "https://registry.npmjs.org/vue/-/vue-3.2.8.tgz",
      "integrity": "sha512-x7lwdnOSkceHQUXRVVHBaZzcp6v7M2CYtSZH75zZaT1mTjB4plC4KZHKP/5jAvdqOLBHZGwDSMkWXm3YbAufrA==",
      "requires": {
        "@vue/compiler-dom": "3.2.8",
        "@vue/runtime-dom": "3.2.8",
        "@vue/shared": "3.2.8"
      }
    },
    "vue-router": {
      "version": "4.0.12",
      "resolved": "https://registry.npmmirror.com/vue-router/-/vue-router-4.0.12.tgz",
      "integrity": "sha512-CPXvfqe+mZLB1kBWssssTiWg4EQERyqJZes7USiqfW9B5N2x+nHlnsM1D3b5CaJ6qgCvMmYJnz+G0iWjNCvXrg==",
      "requires": {
        "@vue/devtools-api": "^6.0.0-beta.18"
      }
    },
    "webidl-conversions": {
      "version": "3.0.1",
      "resolved": "https://registry.npmmirror.com/webidl-conversions/-/webidl-conversions-3.0.1.tgz",
      "integrity": "sha512-2JAn3z8AR6rjK8Sm8orRC0h/bcl/DqL7tRPdGZ4I1CjdF+EaMLmYxBHyXuKL849eucPFhvBoxMsflfOb8kxaeQ=="
    },
    "whatwg-url": {
      "version": "5.0.0",
      "resolved": "https://registry.npmmirror.com/whatwg-url/-/whatwg-url-5.0.0.tgz",
      "integrity": "sha512-saE57nupxk6v3HY35+jzBwYa0rKSy0XR8JSxZPwgLr7ys0IBzhGviA1/TUGJLmSVqs8pb9AnvICXEuOHLprYTw==",
      "requires": {
        "tr46": "~0.0.3",
        "webidl-conversions": "^3.0.0"
      }
    },
    "wrap-ansi": {
      "version": "7.0.0",
      "resolved": "https://registry.npmmirror.com/wrap-ansi/-/wrap-ansi-7.0.0.tgz",
      "integrity": "sha512-YVGIj2kamLSTxw6NsZjoBxfSwsn0ycdesmc4p+Q21c5zPuZ1pl+NfxVdxPtdHvmNVOQ6XSYG4AUtyt/Fi7D16Q==",
      "requires": {
        "ansi-styles": "^4.0.0",
        "string-width": "^4.1.0",
        "strip-ansi": "^6.0.0"
      }
    },
    "y18n": {
      "version": "5.0.8",
      "resolved": "https://registry.npmmirror.com/y18n/-/y18n-5.0.8.tgz",
      "integrity": "sha512-0pfFzegeDWJHJIAmTLRP2DwHjdF5s7jo9tuztdQxAhINCdvS+3nGINqPd00AphqJR/0LhANUS6/+7SCb98YOfA=="
    },
    "yallist": {
      "version": "3.1.1",
      "resolved": "https://registry.npmjs.org/yallist/-/yallist-3.1.1.tgz",
      "integrity": "sha512-a4UGQaWPH59mOXUYnAG2ewncQS4i4F43Tv3JoAM+s2VDAmS9NsK8GpDMLrCHPksFT7h3K6TOoUNn2pb7RoXx4g==",
      "dev": true
    },
    "yargs": {
      "version": "16.2.0",
      "resolved": "https://registry.npmmirror.com/yargs/-/yargs-16.2.0.tgz",
      "integrity": "sha512-D1mvvtDG0L5ft/jGWkLpG1+m0eQxOfaBvTNELraWj22wSVUMWxZUvYgJYcKh6jGGIkJFhH4IZPQhR4TKpc8mBw==",
      "requires": {
        "cliui": "^7.0.2",
        "escalade": "^3.1.1",
        "get-caller-file": "^2.0.5",
        "require-directory": "^2.1.1",
        "string-width": "^4.2.0",
        "y18n": "^5.0.5",
        "yargs-parser": "^20.2.2"
      }
    },
    "yargs-parser": {
      "version": "20.2.9",
      "resolved": "https://registry.npmmirror.com/yargs-parser/-/yargs-parser-20.2.9.tgz",
      "integrity": "sha512-y11nGElTIV+CT3Zv9t7VKl+Q3hTQoT9a1Qzezhhl6Rp21gJ/IVTW7Z3y9EWXhuUBC2Shnf+DX0antecpAwSP8w=="
    }
  }
}
